PODS:
  - MTURLProtocol (0.1.0)
  - Rexxar (0.3.0):
    - MTURLProtocol (= 0.1.0)

DEPENDENCIES:
  - Rexxar (from `../`)

SPEC REPOS:
  https://github.com/cocoapods/specs.git:
    - MTURLProtocol

EXTERNAL SOURCES:
  Rexxar:
    :path: "../"

SPEC CHECKSUMS:
  MTURLProtocol: 9adf7310c15a728a7bcb20f6e37ee8c5a162ba14
  Rexxar: 5c93f7023b8a63e42e0afa0035f6209578c93c86

PODFILE CHECKSUM: a3fd9b59bc7b16cddc7f8aebdcfa74c737021b9d

COCOAPODS: 1.5.2
