PODS:
  - MTURLProtocol (0.1.2)
  - Rexxar (0.3.0):
    - MTURLProtocol (= 0.1.2)

DEPENDENCIES:
  - Rexxar (from `../`)

SPEC REPOS:
  https://github.com/cocoapods/specs.git:
    - MTURLProtocol

EXTERNAL SOURCES:
  Rexxar:
    :path: "../"

SPEC CHECKSUMS:
  MTURLProtocol: 584d6d2fcdf0085845c85a998182362d725bad6e
  Rexxar: 9bfd716d3cc734db2ad14829a462f5df2fad27a2

PODFILE CHECKSUM: a3fd9b59bc7b16cddc7f8aebdcfa74c737021b9d

COCOAPODS: 1.5.2
