PODS:
  - MTURLProtocol (0.1.0)
  - Rexxar (0.3.0):
    - MTURLProtocol (= 0.1.0)

DEPENDENCIES:
  - MTURLProtocol (from `https://github.intra.douban.com/ios/mturlprotocol`, commit `843cf464c86a3c9b1150c3f68831b8d48d787af5`)
  - Rexxar (from `../`)

EXTERNAL SOURCES:
  MTURLProtocol:
    :commit: 843cf464c86a3c9b1150c3f68831b8d48d787af5
    :git: https://github.intra.douban.com/ios/mturlprotocol
  Rexxar:
    :path: "../"

CHECKOUT OPTIONS:
  MTURLProtocol:
    :commit: 843cf464c86a3c9b1150c3f68831b8d48d787af5
    :git: https://github.intra.douban.com/ios/mturlprotocol

SPEC CHECKSUMS:
  MTURLProtocol: e30e5c426347775a01f79db65b73144014454f67
  Rexxar: 5c93f7023b8a63e42e0afa0035f6209578c93c86

PODFILE CHECKSUM: 4c2d76b3223625cfe6b61c79b34aa4fa4f8ceb2f

COCOAPODS: 1.5.2
